
Microsoft Visual Studio Solution File, Format Version 12.00
# Visual Studio Version 16
VisualStudioVersion = 16.0.29519.181
MinimumVisualStudioVersion = 10.0.40219.1
Project("{FAE04EC0-301F-11D3-BF4B-00C04F79EFBC}") = "SIS.HTTP", "SIS.HTTP\SIS.HTTP.csproj", "{3ADBA68C-CF50-417C-B92A-0DB018E0F646}"
EndProject
Project("{FAE04EC0-301F-11D3-BF4B-00C04F79EFBC}") = "SIS.WebServer", "SIS.WebServer\SIS.WebServer.csproj", "{D8E0F5C3-118A-48F1-B45F-B9312EA91557}"
EndProject
Project("{FAE04EC0-301F-11D3-BF4B-00C04F79EFBC}") = "SIS.Demo", "Demo.App\SIS.Demo.csproj", "{F762D7D7-AD5B-4B2B-B34A-FE420B604619}"
EndProject
Global
	GlobalSection(SolutionConfigurationPlatforms) = preSolution
		Debug|Any CPU = Debug|Any CPU
		Release|Any CPU = Release|Any CPU
	EndGlobalSection
	GlobalSection(ProjectConfigurationPlatforms) = postSolution
		{3ADBA68C-CF50-417C-B92A-0DB018E0F646}.Debug|Any CPU.ActiveCfg = Debug|Any CPU
		{3ADBA68C-CF50-417C-B92A-0DB018E0F646}.Debug|Any CPU.Build.0 = Debug|Any CPU
		{3ADBA68C-CF50-417C-B92A-0DB018E0F646}.Release|Any CPU.ActiveCfg = Release|Any CPU
		{3ADBA68C-CF50-417C-B92A-0DB018E0F646}.Release|Any CPU.Build.0 = Release|Any CPU
		{D8E0F5C3-118A-48F1-B45F-B9312EA91557}.Debug|Any CPU.ActiveCfg = Debug|Any CPU
		{D8E0F5C3-118A-48F1-B45F-B9312EA91557}.Debug|Any CPU.Build.0 = Debug|Any CPU
		{D8E0F5C3-118A-48F1-B45F-B9312EA91557}.Release|Any CPU.ActiveCfg = Release|Any CPU
		{D8E0F5C3-118A-48F1-B45F-B9312EA91557}.Release|Any CPU.Build.0 = Release|Any CPU
		{F762D7D7-AD5B-4B2B-B34A-FE420B604619}.Debug|Any CPU.ActiveCfg = Debug|Any CPU
		{F762D7D7-AD5B-4B2B-B34A-FE420B604619}.Debug|Any CPU.Build.0 = Debug|Any CPU
		{F762D7D7-AD5B-4B2B-B34A-FE420B604619}.Release|Any CPU.ActiveCfg = Release|Any CPU
		{F762D7D7-AD5B-4B2B-B34A-FE420B604619}.Release|Any CPU.Build.0 = Release|Any CPU
	EndGlobalSection
	GlobalSection(SolutionProperties) = preSolution
		HideSolutionNode = FALSE
	EndGlobalSection
	GlobalSection(ExtensibilityGlobals) = postSolution
		SolutionGuid = {94319ED3-A915-4912-918B-448A9972027E}
	EndGlobalSection
EndGlobal
