
Microsoft Visual Studio Solution File, Format Version 12.00
# Visual Studio Version 16
VisualStudioVersion = 16.0.29519.181
MinimumVisualStudioVersion = 10.0.40219.1
Project("{FAE04EC0-301F-11D3-BF4B-00C04F79EFBC}") = "Demo", "Demo\Demo.csproj", "{1C1DADE9-7D38-4131-90FF-39757EB6F769}"
EndProject
Global
	GlobalSection(SolutionConfigurationPlatforms) = preSolution
		Debug|Any CPU = Debug|Any CPU
		Release|Any CPU = Release|Any CPU
	EndGlobalSection
	GlobalSection(ProjectConfigurationPlatforms) = postSolution
		{1C1DADE9-7D38-4131-90FF-39757EB6F769}.Debug|Any CPU.ActiveCfg = Debug|Any CPU
		{1C1DADE9-7D38-4131-90FF-39757EB6F769}.Debug|Any CPU.Build.0 = Debug|Any CPU
		{1C1DADE9-7D38-4131-90FF-39757EB6F769}.Release|Any CPU.ActiveCfg = Release|Any CPU
		{1C1DADE9-7D38-4131-90FF-39757EB6F769}.Release|Any CPU.Build.0 = Release|Any CPU
	EndGlobalSection
	GlobalSection(SolutionProperties) = preSolution
		HideSolutionNode = FALSE
	EndGlobalSection
	GlobalSection(ExtensibilityGlobals) = postSolution
		SolutionGuid = {3F0E0DAE-DFB1-46EC-BB81-652A5A713432}
	EndGlobalSection
EndGlobal
